
Microsoft Visual Studio Solution File, Format Version 12.00
# Visual Studio Version 16
VisualStudioVersion = 16.0.29806.167
MinimumVisualStudioVersion = 10.0.40219.1
Project("{9A19103F-16F7-4668-BE54-9A1E7A4F7556}") = "Microsoft.AspNetCore.OData.Authorization", "..\src\Microsoft.AspNetCore.OData.Authorization\Microsoft.AspNetCore.OData.Authorization.csproj", "{76FAA150-248D-4FDB-AC14-45B4012FC5E0}"
EndProject
Project("{9A19103F-16F7-4668-BE54-9A1E7A4F7556}") = "Microsoft.AspNetCore.OData.Authorization.Tests", "..\test\Microsoft.AspNetCore.OData.Authorization.Tests\Microsoft.AspNetCore.OData.Authorization.Tests.csproj", "{7A3995FF-56C7-4336-AC14-759FE6620EED}"
EndProject
Project("{9A19103F-16F7-4668-BE54-9A1E7A4F7556}") = "ODataAuthorizationSample", "..\samples\ODataAuthorizationSample\ODataAuthorizationSample.csproj", "{9A41F458-49A0-4B6B-8916-92D7A57CB449}"
EndProject
Project("{FAE04EC0-301F-11D3-BF4B-00C04F79EFBC}") = "ODataAuthorizationDemo", "..\samples\ODataAuthorizationDemo\ODataAuthorizationDemo.csproj", "{135FF9DD-61B6-49A3-B385-DAED02FBD549}"
EndProject
Project("{9A19103F-16F7-4668-BE54-9A1E7A4F7556}") = "Microsoft.OData.ModelBuilder", "..\..\ModelBuilder\src\Microsoft.OData.ModelBuilder\Microsoft.OData.ModelBuilder.csproj", "{56ED3FBE-ABAA-49F7-AB9F-5D40E7EE86FF}"
EndProject
Global
	GlobalSection(SolutionConfigurationPlatforms) = preSolution
		Debug|Any CPU = Debug|Any CPU
		Release|Any CPU = Release|Any CPU
	EndGlobalSection
	GlobalSection(ProjectConfigurationPlatforms) = postSolution
		{76FAA150-248D-4FDB-AC14-45B4012FC5E0}.Debug|Any CPU.ActiveCfg = Debug|Any CPU
		{76FAA150-248D-4FDB-AC14-45B4012FC5E0}.Debug|Any CPU.Build.0 = Debug|Any CPU
		{76FAA150-248D-4FDB-AC14-45B4012FC5E0}.Release|Any CPU.ActiveCfg = Release|Any CPU
		{76FAA150-248D-4FDB-AC14-45B4012FC5E0}.Release|Any CPU.Build.0 = Release|Any CPU
		{7A3995FF-56C7-4336-AC14-759FE6620EED}.Debug|Any CPU.ActiveCfg = Debug|Any CPU
		{7A3995FF-56C7-4336-AC14-759FE6620EED}.Debug|Any CPU.Build.0 = Debug|Any CPU
		{7A3995FF-56C7-4336-AC14-759FE6620EED}.Release|Any CPU.ActiveCfg = Release|Any CPU
		{7A3995FF-56C7-4336-AC14-759FE6620EED}.Release|Any CPU.Build.0 = Release|Any CPU
		{9A41F458-49A0-4B6B-8916-92D7A57CB449}.Debug|Any CPU.ActiveCfg = Debug|Any CPU
		{9A41F458-49A0-4B6B-8916-92D7A57CB449}.Debug|Any CPU.Build.0 = Debug|Any CPU
		{9A41F458-49A0-4B6B-8916-92D7A57CB449}.Release|Any CPU.ActiveCfg = Release|Any CPU
		{9A41F458-49A0-4B6B-8916-92D7A57CB449}.Release|Any CPU.Build.0 = Release|Any CPU
		{135FF9DD-61B6-49A3-B385-DAED02FBD549}.Debug|Any CPU.ActiveCfg = Debug|Any CPU
		{135FF9DD-61B6-49A3-B385-DAED02FBD549}.Debug|Any CPU.Build.0 = Debug|Any CPU
		{135FF9DD-61B6-49A3-B385-DAED02FBD549}.Release|Any CPU.ActiveCfg = Release|Any CPU
		{135FF9DD-61B6-49A3-B385-DAED02FBD549}.Release|Any CPU.Build.0 = Release|Any CPU
		{56ED3FBE-ABAA-49F7-AB9F-5D40E7EE86FF}.Debug|Any CPU.ActiveCfg = Debug|Any CPU
		{56ED3FBE-ABAA-49F7-AB9F-5D40E7EE86FF}.Debug|Any CPU.Build.0 = Debug|Any CPU
		{56ED3FBE-ABAA-49F7-AB9F-5D40E7EE86FF}.Release|Any CPU.ActiveCfg = Release|Any CPU
		{56ED3FBE-ABAA-49F7-AB9F-5D40E7EE86FF}.Release|Any CPU.Build.0 = Release|Any CPU
	EndGlobalSection
	GlobalSection(SolutionProperties) = preSolution
		HideSolutionNode = FALSE
	EndGlobalSection
	GlobalSection(ExtensibilityGlobals) = postSolution
		SolutionGuid = {A0192535-BE21-4075-B04D-25DEF66502E8}
	EndGlobalSection
EndGlobal
